schema: '2.0'
stages:
  data_split:
    cmd: python src/data_split.py
    deps:
    - path: data/all_data
      hash: md5
      md5: a508cf300fe07383de3d6286dfeacb9e.dir
      size: 37116084
      nfiles: 400
    - path: src/data_split.py
      hash: md5
      md5: 6084f741ea42b8655dd9f16ecc3491a3
      size: 3610
    params:
      params.yaml:
        base:
          random_seed: 0
          model_image_size: 256
          output_channels: 3
          loss_function: categorical_crossentropy
          metrics:
          - keras_iou
          norm_upper_bound: 7
          norm_lower_bound: -1
          filter_channels:
          - original
          hessian_component: minima
          hessian_sigma: 4
        data_split:
          test_split: 0.2
          data_dir: data/all_data/
          train_data_dir: data/train/
          test_data_dir: data/test/
    outs:
    - path: data/test
      hash: md5
      md5: 10469110fe1d46b13feac438b300d17e.dir
      size: 7377726
      nfiles: 80
    - path: data/train
      hash: md5
      md5: 1944287ff92c08c343cb94c0928b6529.dir
      size: 29738358
      nfiles: 320
  train:
    cmd: python src/train.py
    deps:
    - path: data/train/
      hash: md5
      md5: 1944287ff92c08c343cb94c0928b6529.dir
      size: 29738358
      nfiles: 320
    - path: src/augmentation.py
      hash: md5
      md5: 852c8ac90f90d6528f8388bf2063a92c
      size: 3169
    - path: src/plotting.py
      hash: md5
      md5: 4800919e5aa49b4c4c404e4f42651bb4
      size: 2988
    - path: src/preprocess.py
      hash: md5
      md5: fd4392c44861406d1e64db6f41f8f2b5
      size: 5298
    - path: src/train.py
      hash: md5
      md5: 4c928e09770a36c44130d2399a55d08f
      size: 10162
    - path: src/unet.py
      hash: md5
      md5: b11a41415fcb692e1c4e0126f592b744
      size: 14682
    params:
      params.yaml:
        base:
          random_seed: 0
          model_image_size: 256
          output_channels: 3
          loss_function: categorical_crossentropy
          metrics:
          - keras_iou
          norm_upper_bound: 7
          norm_lower_bound: -1
          filter_channels:
          - original
          hessian_component: minima
          hessian_sigma: 4
        train:
          train_data_dir: data/train/
          model_save_dir: models/
          batch_size: 8
          epochs: 40
          activation_function: relu
          learning_rate: 0.001
          validation_split: 0.2
    outs:
    - path: models/unet_model.keras
      hash: md5
      md5: be891a208d3f4b5219dfb6736e040677
      size: 23461063
  evaluate:
    cmd: python src/evaluate.py
    deps:
    - path: data/test/
      hash: md5
      md5: 10469110fe1d46b13feac438b300d17e.dir
      size: 7377726
      nfiles: 80
    - path: models/unet_model.keras
      hash: md5
      md5: be891a208d3f4b5219dfb6736e040677
      size: 23461063
    - path: src/evaluate.py
      hash: md5
      md5: 20d654a8be7e33af00eff1ff3c835594
      size: 6393
    - path: src/plotting.py
      hash: md5
      md5: 4800919e5aa49b4c4c404e4f42651bb4
      size: 2988
    - path: src/unet.py
      hash: md5
      md5: b11a41415fcb692e1c4e0126f592b744
      size: 14682
    params:
      params.yaml:
        base:
          random_seed: 0
          model_image_size: 256
          output_channels: 3
          loss_function: categorical_crossentropy
          metrics:
          - keras_iou
          norm_upper_bound: 7
          norm_lower_bound: -1
          filter_channels:
          - original
          hessian_component: minima
          hessian_sigma: 4
        evaluate:
          model_path: models/unet_model.keras
          test_data_dir: data/test/
    outs:
    - path: results/evaluate/
      hash: md5
      md5: 7d2026fa1b9557df5db7b0bc1b9e739e.dir
      size: 1154517
      nfiles: 21
